
Microsoft Visual Studio Solution File, Format Version 12.00
Project("{FAE04EC0-301F-11D3-BF4B-00C04F79EFBC}") = "Sqs.Publisher", "Sqs.Publisher\Sqs.Publisher.csproj", "{AC10A578-FDDB-4075-AFD4-D229328CE5E5}"
EndProject
Project("{2150E333-8FDC-42A3-9474-1A3956D46DE8}") = "Sqs", "Sqs", "{B71B5B5F-F64E-4A5F-9584-2F4F12831A67}"
EndProject
Project("{FAE04EC0-301F-11D3-BF4B-00C04F79EFBC}") = "Sqs.Contracts", "Sqs.Contracts\Sqs.Contracts.csproj", "{BCA8CE9C-84D8-445F-B626-F55E0B015E7E}"
EndProject
Project("{FAE04EC0-301F-11D3-BF4B-00C04F79EFBC}") = "Sqs.Consumer", "Sqs.Consumer\Sqs.Consumer.csproj", "{92891341-8067-4CBE-B77E-87EFE643CAAC}"
EndProject
Project("{FAE04EC0-301F-11D3-BF4B-00C04F79EFBC}") = "Sqs.Customers.Publisher.Lib", "Sqs.Customers.Publisher.Lib\Sqs.Customers.Publisher.Lib.csproj", "{83758520-5D23-4FDC-81B2-DBA0814AACDD}"
EndProject
Project("{FAE04EC0-301F-11D3-BF4B-00C04F79EFBC}") = "Sqs.Customers.Consumer", "Sqs.Customers.Consumer\Sqs.Customers.Consumer.csproj", "{1452D477-A651-4D08-8056-8C1F0BDC25CB}"
EndProject
Project("{2150E333-8FDC-42A3-9474-1A3956D46DE8}") = "Demo", "Demo", "{91705F2C-395D-4E67-AEF3-ED06131C3CCB}"
EndProject
Project("{FAE04EC0-301F-11D3-BF4B-00C04F79EFBC}") = "Sqs.Customers.Contracts", "Sqs.Customers.Contracts\Sqs.Customers.Contracts.csproj", "{95D797CB-0E72-4303-A367-8613286174E9}"
EndProject
Project("{2150E333-8FDC-42A3-9474-1A3956D46DE8}") = "Sns", "Sns", "{E45083FC-2519-49C7-B57D-FE63EA9FCAA9}"
EndProject
Project("{FAE04EC0-301F-11D3-BF4B-00C04F79EFBC}") = "Sns.Customers.Publisher.Lib", "Sns.Customers.Publisher.Lib\Sns.Customers.Publisher.Lib.csproj", "{9E5E25B5-5BFA-4EB9-AF69-E4A9C4A43A7C}"
EndProject
Project("{FAE04EC0-301F-11D3-BF4B-00C04F79EFBC}") = "Sns.Customers.Contracts", "Sns.Customers.Contracts\Sns.Customers.Contracts.csproj", "{A38B1871-207A-46CB-9541-E49A531036F7}"
EndProject
Project("{2150E333-8FDC-42A3-9474-1A3956D46DE8}") = "DynamoDb", "DynamoDb", "{5F92FD59-BBB0-4C0C-A831-A4404433B046}"
EndProject
Project("{FAE04EC0-301F-11D3-BF4B-00C04F79EFBC}") = "DynamoDb.Customers.DAL", "DynamoDb.Customers.DAL\DynamoDb.Customers.DAL.csproj", "{8835C8AC-FF1F-4AF0-A124-CA20E465DE9A}"
EndProject
Project("{2150E333-8FDC-42A3-9474-1A3956D46DE8}") = "S3", "S3", "{2ED4EBBF-6020-4770-B9F9-4BF03DCAF02C}"
EndProject
Project("{FAE04EC0-301F-11D3-BF4B-00C04F79EFBC}") = "S3.Customers", "S3.Customers\S3.Customers.csproj", "{C063E45B-FAD1-48EA-8CBD-8E9D8E61E397}"
EndProject
Project("{2150E333-8FDC-42A3-9474-1A3956D46DE8}") = "Demo", "Demo", "{3CF2B76A-DF1C-4509-B39E-48551EBD034E}"
EndProject
Project("{2150E333-8FDC-42A3-9474-1A3956D46DE8}") = "SecretsManager", "SecretsManager", "{B082CE09-2C15-4944-AF27-186C1B500DDF}"
EndProject
Project("{FAE04EC0-301F-11D3-BF4B-00C04F79EFBC}") = "SecretsManager.Demo", "SecretsManager.Demo\SecretsManager.Demo.csproj", "{C2A44C72-3A81-4DFD-9A82-6C5B157D4EBA}"
EndProject
Project("{FAE04EC0-301F-11D3-BF4B-00C04F79EFBC}") = "SecretsManager.ElegantDemo", "SecretsManager.ElegantDemo\SecretsManager.ElegantDemo.csproj", "{B823590A-D7E1-4840-BF13-DBEBA8454C79}"
EndProject
Project("{2150E333-8FDC-42A3-9474-1A3956D46DE8}") = "Lambda", "Lambda", "{8AD55E64-D7CD-402E-A6FD-AD703BC033B4}"
EndProject
Project("{FAE04EC0-301F-11D3-BF4B-00C04F79EFBC}") = "SimpleLambda", "SimpleLambda\src\SimpleLambda\SimpleLambda.csproj", "{B25AC87F-5C06-414E-9AE2-FB87566BCC0F}"
EndProject
Global
	GlobalSection(SolutionConfigurationPlatforms) = preSolution
		Debug|Any CPU = Debug|Any CPU
		Release|Any CPU = Release|Any CPU
	EndGlobalSection
	GlobalSection(ProjectConfigurationPlatforms) = postSolution
		{AC10A578-FDDB-4075-AFD4-D229328CE5E5}.Debug|Any CPU.ActiveCfg = Debug|Any CPU
		{AC10A578-FDDB-4075-AFD4-D229328CE5E5}.Debug|Any CPU.Build.0 = Debug|Any CPU
		{AC10A578-FDDB-4075-AFD4-D229328CE5E5}.Release|Any CPU.ActiveCfg = Release|Any CPU
		{AC10A578-FDDB-4075-AFD4-D229328CE5E5}.Release|Any CPU.Build.0 = Release|Any CPU
		{BCA8CE9C-84D8-445F-B626-F55E0B015E7E}.Debug|Any CPU.ActiveCfg = Debug|Any CPU
		{BCA8CE9C-84D8-445F-B626-F55E0B015E7E}.Debug|Any CPU.Build.0 = Debug|Any CPU
		{BCA8CE9C-84D8-445F-B626-F55E0B015E7E}.Release|Any CPU.ActiveCfg = Release|Any CPU
		{BCA8CE9C-84D8-445F-B626-F55E0B015E7E}.Release|Any CPU.Build.0 = Release|Any CPU
		{92891341-8067-4CBE-B77E-87EFE643CAAC}.Debug|Any CPU.ActiveCfg = Debug|Any CPU
		{92891341-8067-4CBE-B77E-87EFE643CAAC}.Debug|Any CPU.Build.0 = Debug|Any CPU
		{92891341-8067-4CBE-B77E-87EFE643CAAC}.Release|Any CPU.ActiveCfg = Release|Any CPU
		{92891341-8067-4CBE-B77E-87EFE643CAAC}.Release|Any CPU.Build.0 = Release|Any CPU
		{83758520-5D23-4FDC-81B2-DBA0814AACDD}.Debug|Any CPU.ActiveCfg = Debug|Any CPU
		{83758520-5D23-4FDC-81B2-DBA0814AACDD}.Debug|Any CPU.Build.0 = Debug|Any CPU
		{83758520-5D23-4FDC-81B2-DBA0814AACDD}.Release|Any CPU.ActiveCfg = Release|Any CPU
		{83758520-5D23-4FDC-81B2-DBA0814AACDD}.Release|Any CPU.Build.0 = Release|Any CPU
		{1452D477-A651-4D08-8056-8C1F0BDC25CB}.Debug|Any CPU.ActiveCfg = Debug|Any CPU
		{1452D477-A651-4D08-8056-8C1F0BDC25CB}.Debug|Any CPU.Build.0 = Debug|Any CPU
		{1452D477-A651-4D08-8056-8C1F0BDC25CB}.Release|Any CPU.ActiveCfg = Release|Any CPU
		{1452D477-A651-4D08-8056-8C1F0BDC25CB}.Release|Any CPU.Build.0 = Release|Any CPU
		{95D797CB-0E72-4303-A367-8613286174E9}.Debug|Any CPU.ActiveCfg = Debug|Any CPU
		{95D797CB-0E72-4303-A367-8613286174E9}.Debug|Any CPU.Build.0 = Debug|Any CPU
		{95D797CB-0E72-4303-A367-8613286174E9}.Release|Any CPU.ActiveCfg = Release|Any CPU
		{95D797CB-0E72-4303-A367-8613286174E9}.Release|Any CPU.Build.0 = Release|Any CPU
		{9E5E25B5-5BFA-4EB9-AF69-E4A9C4A43A7C}.Debug|Any CPU.ActiveCfg = Debug|Any CPU
		{9E5E25B5-5BFA-4EB9-AF69-E4A9C4A43A7C}.Debug|Any CPU.Build.0 = Debug|Any CPU
		{9E5E25B5-5BFA-4EB9-AF69-E4A9C4A43A7C}.Release|Any CPU.ActiveCfg = Release|Any CPU
		{9E5E25B5-5BFA-4EB9-AF69-E4A9C4A43A7C}.Release|Any CPU.Build.0 = Release|Any CPU
		{A38B1871-207A-46CB-9541-E49A531036F7}.Debug|Any CPU.ActiveCfg = Debug|Any CPU
		{A38B1871-207A-46CB-9541-E49A531036F7}.Debug|Any CPU.Build.0 = Debug|Any CPU
		{A38B1871-207A-46CB-9541-E49A531036F7}.Release|Any CPU.ActiveCfg = Release|Any CPU
		{A38B1871-207A-46CB-9541-E49A531036F7}.Release|Any CPU.Build.0 = Release|Any CPU
		{8835C8AC-FF1F-4AF0-A124-CA20E465DE9A}.Debug|Any CPU.ActiveCfg = Debug|Any CPU
		{8835C8AC-FF1F-4AF0-A124-CA20E465DE9A}.Debug|Any CPU.Build.0 = Debug|Any CPU
		{8835C8AC-FF1F-4AF0-A124-CA20E465DE9A}.Release|Any CPU.ActiveCfg = Release|Any CPU
		{8835C8AC-FF1F-4AF0-A124-CA20E465DE9A}.Release|Any CPU.Build.0 = Release|Any CPU
		{C063E45B-FAD1-48EA-8CBD-8E9D8E61E397}.Debug|Any CPU.ActiveCfg = Debug|Any CPU
		{C063E45B-FAD1-48EA-8CBD-8E9D8E61E397}.Debug|Any CPU.Build.0 = Debug|Any CPU
		{C063E45B-FAD1-48EA-8CBD-8E9D8E61E397}.Release|Any CPU.ActiveCfg = Release|Any CPU
		{C063E45B-FAD1-48EA-8CBD-8E9D8E61E397}.Release|Any CPU.Build.0 = Release|Any CPU
		{C2A44C72-3A81-4DFD-9A82-6C5B157D4EBA}.Debug|Any CPU.ActiveCfg = Debug|Any CPU
		{C2A44C72-3A81-4DFD-9A82-6C5B157D4EBA}.Debug|Any CPU.Build.0 = Debug|Any CPU
		{C2A44C72-3A81-4DFD-9A82-6C5B157D4EBA}.Release|Any CPU.ActiveCfg = Release|Any CPU
		{C2A44C72-3A81-4DFD-9A82-6C5B157D4EBA}.Release|Any CPU.Build.0 = Release|Any CPU
		{B823590A-D7E1-4840-BF13-DBEBA8454C79}.Debug|Any CPU.ActiveCfg = Debug|Any CPU
		{B823590A-D7E1-4840-BF13-DBEBA8454C79}.Debug|Any CPU.Build.0 = Debug|Any CPU
		{B823590A-D7E1-4840-BF13-DBEBA8454C79}.Release|Any CPU.ActiveCfg = Release|Any CPU
		{B823590A-D7E1-4840-BF13-DBEBA8454C79}.Release|Any CPU.Build.0 = Release|Any CPU
		{B25AC87F-5C06-414E-9AE2-FB87566BCC0F}.Debug|Any CPU.ActiveCfg = Debug|Any CPU
		{B25AC87F-5C06-414E-9AE2-FB87566BCC0F}.Debug|Any CPU.Build.0 = Debug|Any CPU
		{B25AC87F-5C06-414E-9AE2-FB87566BCC0F}.Release|Any CPU.ActiveCfg = Release|Any CPU
		{B25AC87F-5C06-414E-9AE2-FB87566BCC0F}.Release|Any CPU.Build.0 = Release|Any CPU
	EndGlobalSection
	GlobalSection(NestedProjects) = preSolution
		{83758520-5D23-4FDC-81B2-DBA0814AACDD} = {B71B5B5F-F64E-4A5F-9584-2F4F12831A67}
		{1452D477-A651-4D08-8056-8C1F0BDC25CB} = {B71B5B5F-F64E-4A5F-9584-2F4F12831A67}
		{91705F2C-395D-4E67-AEF3-ED06131C3CCB} = {B71B5B5F-F64E-4A5F-9584-2F4F12831A67}
		{AC10A578-FDDB-4075-AFD4-D229328CE5E5} = {91705F2C-395D-4E67-AEF3-ED06131C3CCB}
		{BCA8CE9C-84D8-445F-B626-F55E0B015E7E} = {91705F2C-395D-4E67-AEF3-ED06131C3CCB}
		{92891341-8067-4CBE-B77E-87EFE643CAAC} = {91705F2C-395D-4E67-AEF3-ED06131C3CCB}
		{95D797CB-0E72-4303-A367-8613286174E9} = {B71B5B5F-F64E-4A5F-9584-2F4F12831A67}
		{9E5E25B5-5BFA-4EB9-AF69-E4A9C4A43A7C} = {E45083FC-2519-49C7-B57D-FE63EA9FCAA9}
		{A38B1871-207A-46CB-9541-E49A531036F7} = {E45083FC-2519-49C7-B57D-FE63EA9FCAA9}
		{8835C8AC-FF1F-4AF0-A124-CA20E465DE9A} = {5F92FD59-BBB0-4C0C-A831-A4404433B046}
		{3CF2B76A-DF1C-4509-B39E-48551EBD034E} = {2ED4EBBF-6020-4770-B9F9-4BF03DCAF02C}
		{C063E45B-FAD1-48EA-8CBD-8E9D8E61E397} = {3CF2B76A-DF1C-4509-B39E-48551EBD034E}
		{C2A44C72-3A81-4DFD-9A82-6C5B157D4EBA} = {B082CE09-2C15-4944-AF27-186C1B500DDF}
		{B823590A-D7E1-4840-BF13-DBEBA8454C79} = {B082CE09-2C15-4944-AF27-186C1B500DDF}
		{B25AC87F-5C06-414E-9AE2-FB87566BCC0F} = {8AD55E64-D7CD-402E-A6FD-AD703BC033B4}
	EndGlobalSection
EndGlobal
